// !$*UTF8*$!
{
	archiveVersion = 1;
	classes = {
	};
	objectVersion = 55;
	objects = {

/* Begin PBXBuildFile section */
		0742E45F274B75CA0011EC4A /* ProgressHUD in Frameworks */ = {isa = PBXBuildFile; productRef = 0742E45E274B75CA0011EC4A /* ProgressHUD */; };
		0742E461274BECDC0011EC4A /* BundingBoxCompositor.swift in Sources */ = {isa = PBXBuildFile; fileRef = 0742E460274BECDC0011EC4A /* BundingBoxCompositor.swift */; };
		0769E598274AA4C200C68CCE /* AppDelegate.swift in Sources */ = {isa = PBXBuildFile; fileRef = 0769E597274AA4C200C68CCE /* AppDelegate.swift */; };
		0769E59A274AA4C200C68CCE /* SceneDelegate.swift in Sources */ = {isa = PBXBuildFile; fileRef = 0769E599274AA4C200C68CCE /* SceneDelegate.swift */; };
		0769E59C274AA4C200C68CCE /* ViewController.swift in Sources */ = {isa = PBXBuildFile; fileRef = 0769E59B274AA4C200C68CCE /* ViewController.swift */; };
		0769E59F274AA4C200C68CCE /* Main.storyboard in Resources */ = {isa = PBXBuildFile; fileRef = 0769E59D274AA4C200C68CCE /* Main.storyboard */; };
		0769E5A1274AA4C300C68CCE /* Assets.xcassets in Resources */ = {isa = PBXBuildFile; fileRef = 0769E5A0274AA4C300C68CCE /* Assets.xcassets */; };
		0769E5A4274AA4C300C68CCE /* LaunchScreen.storyboard in Resources */ = {isa = PBXBuildFile; fileRef = 0769E5A2274AA4C300C68CCE /* LaunchScreen.storyboard */; };
		0769E5AD274AA50900C68CCE /* RxCocoa in Frameworks */ = {isa = PBXBuildFile; productRef = 0769E5AC274AA50900C68CCE /* RxCocoa */; };
		0769E5AF274AA50900C68CCE /* RxRelay in Frameworks */ = {isa = PBXBuildFile; productRef = 0769E5AE274AA50900C68CCE /* RxRelay */; };
		0769E5B1274AA50900C68CCE /* RxSwift in Frameworks */ = {isa = PBXBuildFile; productRef = 0769E5B0274AA50900C68CCE /* RxSwift */; };
		0769E5B4274AA51400C68CCE /* SwifterSwift in Frameworks */ = {isa = PBXBuildFile; productRef = 0769E5B3274AA51400C68CCE /* SwifterSwift */; };
		0769E5B7274AA56D00C68CCE /* SnapKit in Frameworks */ = {isa = PBXBuildFile; productRef = 0769E5B6274AA56D00C68CCE /* SnapKit */; };
		0769E5BA274AA5A700C68CCE /* Then in Frameworks */ = {isa = PBXBuildFile; productRef = 0769E5B9274AA5A700C68CCE /* Then */; };
		0769E5BE274AA5C300C68CCE /* MobileNetV2_SSDLite.mlmodel in Sources */ = {isa = PBXBuildFile; fileRef = 0769E5BB274AA5C300C68CCE /* MobileNetV2_SSDLite.mlmodel */; };
		0769E5BF274AA5C300C68CCE /* BoundingBoxView.swift in Sources */ = {isa = PBXBuildFile; fileRef = 0769E5BC274AA5C300C68CCE /* BoundingBoxView.swift */; };
		0769E5C0274AA5C300C68CCE /* VideoCapture.swift in Sources */ = {isa = PBXBuildFile; fileRef = 0769E5BD274AA5C300C68CCE /* VideoCapture.swift */; };
		0769E5C2274ACD4700C68CCE /* DetectionRecorder.swift in Sources */ = {isa = PBXBuildFile; fileRef = 0769E5C1274ACD4700C68CCE /* DetectionRecorder.swift */; };
/* End PBXBuildFile section */

/* Begin PBXFileReference section */
		0742E460274BECDC0011EC4A /* BundingBoxCompositor.swift */ = {isa = PBXFileReference; lastKnownFileType = sourcecode.swift; path = BundingBoxCompositor.swift; sourceTree = "<group>"; };
		0769E594274AA4C200C68CCE /* VideoHumanDetection.app */ = {isa = PBXFileReference; explicitFileType = wrapper.application; includeInIndex = 0; path = VideoHumanDetection.app; sourceTree = BUILT_PRODUCTS_DIR; };
		0769E597274AA4C200C68CCE /* AppDelegate.swift */ = {isa = PBXFileReference; lastKnownFileType = sourcecode.swift; path = AppDelegate.swift; sourceTree = "<group>"; };
		0769E599274AA4C200C68CCE /* SceneDelegate.swift */ = {isa = PBXFileReference; lastKnownFileType = sourcecode.swift; path = SceneDelegate.swift; sourceTree = "<group>"; };
		0769E59B274AA4C200C68CCE /* ViewController.swift */ = {isa = PBXFileReference; lastKnownFileType = sourcecode.swift; path = ViewController.swift; sourceTree = "<group>"; };
		0769E59E274AA4C200C68CCE /* Base */ = {isa = PBXFileReference; lastKnownFileType = file.storyboard; name = Base; path = Base.lproj/Main.storyboard; sourceTree = "<group>"; };
		0769E5A0274AA4C300C68CCE /* Assets.xcassets */ = {isa = PBXFileReference; lastKnownFileType = folder.assetcatalog; path = Assets.xcassets; sourceTree = "<group>"; };
		0769E5A3274AA4C300C68CCE /* Base */ = {isa = PBXFileReference; lastKnownFileType = file.storyboard; name = Base; path = Base.lproj/LaunchScreen.storyboard; sourceTree = "<group>"; };
		0769E5A5274AA4C300C68CCE /* Info.plist */ = {isa = PBXFileReference; lastKnownFileType = text.plist.xml; path = Info.plist; sourceTree = "<group>"; };
		0769E5BB274AA5C300C68CCE /* MobileNetV2_SSDLite.mlmodel */ = {isa = PBXFileReference; lastKnownFileType = file.mlmodel; path = MobileNetV2_SSDLite.mlmodel; sourceTree = "<group>"; };
		0769E5BC274AA5C300C68CCE /* BoundingBoxView.swift */ = {isa = PBXFileReference; fileEncoding = 4; lastKnownFileType = sourcecode.swift; path = BoundingBoxView.swift; sourceTree = "<group>"; };
		0769E5BD274AA5C300C68CCE /* VideoCapture.swift */ = {isa = PBXFileReference; fileEncoding = 4; lastKnownFileType = sourcecode.swift; path = VideoCapture.swift; sourceTree = "<group>"; };
		0769E5C1274ACD4700C68CCE /* DetectionRecorder.swift */ = {isa = PBXFileReference; lastKnownFileType = sourcecode.swift; path = DetectionRecorder.swift; sourceTree = "<group>"; };
/* End PBXFileReference section */

/* Begin PBXFrameworksBuildPhase section */
		0769E591274AA4C200C68CCE /* Frameworks */ = {
			isa = PBXFrameworksBuildPhase;
			buildActionMask = 2147483647;
			files = (
				0769E5B1274AA50900C68CCE /* RxSwift in Frameworks */,
				0742E45F274B75CA0011EC4A /* ProgressHUD in Frameworks */,
				0769E5BA274AA5A700C68CCE /* Then in Frameworks */,
				0769E5B4274AA51400C68CCE /* SwifterSwift in Frameworks */,
				0769E5AF274AA50900C68CCE /* RxRelay in Frameworks */,
				0769E5AD274AA50900C68CCE /* RxCocoa in Frameworks */,
				0769E5B7274AA56D00C68CCE /* SnapKit in Frameworks */,
			);
			runOnlyForDeploymentPostprocessing = 0;
		};
/* End PBXFrameworksBuildPhase section */

/* Begin PBXGroup section */
		0769E58B274AA4C200C68CCE = {
			isa = PBXGroup;
			children = (
				0769E596274AA4C200C68CCE /* VideoHumanDetection */,
				0769E595274AA4C200C68CCE /* Products */,
			);
			sourceTree = "<group>";
		};
		0769E595274AA4C200C68CCE /* Products */ = {
			isa = PBXGroup;
			children = (
				0769E594274AA4C200C68CCE /* VideoHumanDetection.app */,
			);
			name = Products;
			sourceTree = "<group>";
		};
		0769E596274AA4C200C68CCE /* VideoHumanDetection */ = {
			isa = PBXGroup;
			children = (
				0769E597274AA4C200C68CCE /* AppDelegate.swift */,
				0769E599274AA4C200C68CCE /* SceneDelegate.swift */,
				0769E59B274AA4C200C68CCE /* ViewController.swift */,
				0769E5BC274AA5C300C68CCE /* BoundingBoxView.swift */,
				0742E460274BECDC0011EC4A /* BundingBoxCompositor.swift */,
				0769E5BD274AA5C300C68CCE /* VideoCapture.swift */,
				0769E5C1274ACD4700C68CCE /* DetectionRecorder.swift */,
				0769E5BB274AA5C300C68CCE /* MobileNetV2_SSDLite.mlmodel */,
				0769E59D274AA4C200C68CCE /* Main.storyboard */,
				0769E5A0274AA4C300C68CCE /* Assets.xcassets */,
				0769E5A2274AA4C300C68CCE /* LaunchScreen.storyboard */,
				0769E5A5274AA4C300C68CCE /* Info.plist */,
			);
			path = VideoHumanDetection;
			sourceTree = "<group>";
		};
/* End PBXGroup section */

/* Begin PBXNativeTarget section */
		0769E593274AA4C200C68CCE /* VideoHumanDetection */ = {
			isa = PBXNativeTarget;
			buildConfigurationList = 0769E5A8274AA4C300C68CCE /* Build configuration list for PBXNativeTarget "VideoHumanDetection" */;
			buildPhases = (
				0769E590274AA4C200C68CCE /* Sources */,
				0769E591274AA4C200C68CCE /* Frameworks */,
				0769E592274AA4C200C68CCE /* Resources */,
			);
			buildRules = (
			);
			dependencies = (
			);
			name = VideoHumanDetection;
			packageProductDependencies = (
				0769E5AC274AA50900C68CCE /* RxCocoa */,
				0769E5AE274AA50900C68CCE /* RxRelay */,
				0769E5B0274AA50900C68CCE /* RxSwift */,
				0769E5B3274AA51400C68CCE /* SwifterSwift */,
				0769E5B6274AA56D00C68CCE /* SnapKit */,
				0769E5B9274AA5A700C68CCE /* Then */,
				0742E45E274B75CA0011EC4A /* ProgressHUD */,
			);
			productName = VideoHumanDetection;
			productReference = 0769E594274AA4C200C68CCE /* VideoHumanDetection.app */;
			productType = "com.apple.product-type.application";
		};
/* End PBXNativeTarget section */

/* Begin PBXProject section */
		0769E58C274AA4C200C68CCE /* Project object */ = {
			isa = PBXProject;
			attributes = {
				BuildIndependentTargetsInParallel = 1;
				LastSwiftUpdateCheck = 1310;
				LastUpgradeCheck = 1310;
				TargetAttributes = {
					0769E593274AA4C200C68CCE = {
						CreatedOnToolsVersion = 13.1;
					};
				};
			};
			buildConfigurationList = 0769E58F274AA4C200C68CCE /* Build configuration list for PBXProject "VideoHumanDetection" */;
			compatibilityVersion = "Xcode 13.0";
			developmentRegion = en;
			hasScannedForEncodings = 0;
			knownRegions = (
				en,
				Base,
			);
			mainGroup = 0769E58B274AA4C200C68CCE;
			packageReferences = (
				0769E5AB274AA50900C68CCE /* XCRemoteSwiftPackageReference "RxSwift" */,
				0769E5B2274AA51400C68CCE /* XCRemoteSwiftPackageReference "SwifterSwift" */,
				0769E5B5274AA56D00C68CCE /* XCRemoteSwiftPackageReference "SnapKit" */,
				0769E5B8274AA5A600C68CCE /* XCRemoteSwiftPackageReference "Then" */,
				0742E45D274B75CA0011EC4A /* XCRemoteSwiftPackageReference "ProgressHUD" */,
			);
			productRefGroup = 0769E595274AA4C200C68CCE /* Products */;
			projectDirPath = "";
			projectRoot = "";
			targets = (
				0769E593274AA4C200C68CCE /* VideoHumanDetection */,
			);
		};
/* End PBXProject section */

/* Begin PBXResourcesBuildPhase section */
		0769E592274AA4C200C68CCE /* Resources */ = {
			isa = PBXResourcesBuildPhase;
			buildActionMask = 2147483647;
			files = (
				0769E5A4274AA4C300C68CCE /* LaunchScreen.storyboard in Resources */,
				0769E5A1274AA4C300C68CCE /* Assets.xcassets in Resources */,
				0769E59F274AA4C200C68CCE /* Main.storyboard in Resources */,
			);
			runOnlyForDeploymentPostprocessing = 0;
		};
/* End PBXResourcesBuildPhase section */

/* Begin PBXSourcesBuildPhase section */
		0769E590274AA4C200C68CCE /* Sources */ = {
			isa = PBXSourcesBuildPhase;
			buildActionMask = 2147483647;
			files = (
				0769E59C274AA4C200C68CCE /* ViewController.swift in Sources */,
				0769E5BE274AA5C300C68CCE /* MobileNetV2_SSDLite.mlmodel in Sources */,
				0769E5C2274ACD4700C68CCE /* DetectionRecorder.swift in Sources */,
				0769E5BF274AA5C300C68CCE /* BoundingBoxView.swift in Sources */,
				0742E461274BECDC0011EC4A /* BundingBoxCompositor.swift in Sources */,
				0769E598274AA4C200C68CCE /* AppDelegate.swift in Sources */,
				0769E5C0274AA5C300C68CCE /* VideoCapture.swift in Sources */,
				0769E59A274AA4C200C68CCE /* SceneDelegate.swift in Sources */,
			);
			runOnlyForDeploymentPostprocessing = 0;
		};
/* End PBXSourcesBuildPhase section */

/* Begin PBXVariantGroup section */
		0769E59D274AA4C200C68CCE /* Main.storyboard */ = {
			isa = PBXVariantGroup;
			children = (
				0769E59E274AA4C200C68CCE /* Base */,
			);
			name = Main.storyboard;
			sourceTree = "<group>";
		};
		0769E5A2274AA4C300C68CCE /* LaunchScreen.storyboard */ = {
			isa = PBXVariantGroup;
			children = (
				0769E5A3274AA4C300C68CCE /* Base */,
			);
			name = LaunchScreen.storyboard;
			sourceTree = "<group>";
		};
/* End PBXVariantGroup section */

/* Begin XCBuildConfiguration section */
		0769E5A6274AA4C300C68CCE /* Debug */ = {
			isa = XCBuildConfiguration;
			buildSettings = {
				ALWAYS_SEARCH_USER_PATHS = NO;
				CLANG_ANALYZER_NONNULL = YES;
				CLANG_ANALYZER_NUMBER_OBJECT_CONVERSION = YES_AGGRESSIVE;
				CLANG_CXX_LANGUAGE_STANDARD = "gnu++17";
				CLANG_CXX_LIBRARY = "libc++";
				CLANG_ENABLE_MODULES = YES;
				CLANG_ENABLE_OBJC_ARC = YES;
				CLANG_ENABLE_OBJC_WEAK = YES;
				CLANG_WARN_BLOCK_CAPTURE_AUTORELEASING = YES;
				CLANG_WARN_BOOL_CONVERSION = YES;
				CLANG_WARN_COMMA = YES;
				CLANG_WARN_CONSTANT_CONVERSION = YES;
				CLANG_WARN_DEPRECATED_OBJC_IMPLEMENTATIONS = YES;
				CLANG_WARN_DIRECT_OBJC_ISA_USAGE = YES_ERROR;
				CLANG_WARN_DOCUMENTATION_COMMENTS = YES;
				CLANG_WARN_EMPTY_BODY = YES;
				CLANG_WARN_ENUM_CONVERSION = YES;
				CLANG_WARN_INFINITE_RECURSION = YES;
				CLANG_WARN_INT_CONVERSION = YES;
				CLANG_WARN_NON_LITERAL_NULL_CONVERSION = YES;
				CLANG_WARN_OBJC_IMPLICIT_RETAIN_SELF = YES;
				CLANG_WARN_OBJC_LITERAL_CONVERSION = YES;
				CLANG_WARN_OBJC_ROOT_CLASS = YES_ERROR;
				CLANG_WARN_QUOTED_INCLUDE_IN_FRAMEWORK_HEADER = YES;
				CLANG_WARN_RANGE_LOOP_ANALYSIS = YES;
				CLANG_WARN_STRICT_PROTOTYPES = YES;
				CLANG_WARN_SUSPICIOUS_MOVE = YES;
				CLANG_WARN_UNGUARDED_AVAILABILITY = YES_AGGRESSIVE;
				CLANG_WARN_UNREACHABLE_CODE = YES;
				CLANG_WARN__DUPLICATE_METHOD_MATCH = YES;
				COPY_PHASE_STRIP = NO;
				DEBUG_INFORMATION_FORMAT = dwarf;
				ENABLE_STRICT_OBJC_MSGSEND = YES;
				ENABLE_TESTABILITY = YES;
				GCC_C_LANGUAGE_STANDARD = gnu11;
				GCC_DYNAMIC_NO_PIC = NO;
				GCC_NO_COMMON_BLOCKS = YES;
				GCC_OPTIMIZATION_LEVEL = 0;
				GCC_PREPROCESSOR_DEFINITIONS = (
					"DEBUG=1",
					"$(inherited)",
				);
				GCC_WARN_64_TO_32_BIT_CONVERSION = YES;
				GCC_WARN_ABOUT_RETURN_TYPE = YES_ERROR;
				GCC_WARN_UNDECLARED_SELECTOR = YES;
				GCC_WARN_UNINITIALIZED_AUTOS = YES_AGGRESSIVE;
				GCC_WARN_UNUSED_FUNCTION = YES;
				GCC_WARN_UNUSED_VARIABLE = YES;
				IPHONEOS_DEPLOYMENT_TARGET = 15.0;
				MTL_ENABLE_DEBUG_INFO = INCLUDE_SOURCE;
				MTL_FAST_MATH = YES;
				ONLY_ACTIVE_ARCH = YES;
				SDKROOT = iphoneos;
				SWIFT_ACTIVE_COMPILATION_CONDITIONS = DEBUG;
				SWIFT_OPTIMIZATION_LEVEL = "-Onone";
			};
			name = Debug;
		};
		0769E5A7274AA4C300C68CCE /* Release */ = {
			isa = XCBuildConfiguration;
			buildSettings = {
				ALWAYS_SEARCH_USER_PATHS = NO;
				CLANG_ANALYZER_NONNULL = YES;
				CLANG_ANALYZER_NUMBER_OBJECT_CONVERSION = YES_AGGRESSIVE;
				CLANG_CXX_LANGUAGE_STANDARD = "gnu++17";
				CLANG_CXX_LIBRARY = "libc++";
				CLANG_ENABLE_MODULES = YES;
				CLANG_ENABLE_OBJC_ARC = YES;
				CLANG_ENABLE_OBJC_WEAK = YES;
				CLANG_WARN_BLOCK_CAPTURE_AUTORELEASING = YES;
				CLANG_WARN_BOOL_CONVERSION = YES;
				CLANG_WARN_COMMA = YES;
				CLANG_WARN_CONSTANT_CONVERSION = YES;
				CLANG_WARN_DEPRECATED_OBJC_IMPLEMENTATIONS = YES;
				CLANG_WARN_DIRECT_OBJC_ISA_USAGE = YES_ERROR;
				CLANG_WARN_DOCUMENTATION_COMMENTS = YES;
				CLANG_WARN_EMPTY_BODY = YES;
				CLANG_WARN_ENUM_CONVERSION = YES;
				CLANG_WARN_INFINITE_RECURSION = YES;
				CLANG_WARN_INT_CONVERSION = YES;
				CLANG_WARN_NON_LITERAL_NULL_CONVERSION = YES;
				CLANG_WARN_OBJC_IMPLICIT_RETAIN_SELF = YES;
				CLANG_WARN_OBJC_LITERAL_CONVERSION = YES;
				CLANG_WARN_OBJC_ROOT_CLASS = YES_ERROR;
				CLANG_WARN_QUOTED_INCLUDE_IN_FRAMEWORK_HEADER = YES;
				CLANG_WARN_RANGE_LOOP_ANALYSIS = YES;
				CLANG_WARN_STRICT_PROTOTYPES = YES;
				CLANG_WARN_SUSPICIOUS_MOVE = YES;
				CLANG_WARN_UNGUARDED_AVAILABILITY = YES_AGGRESSIVE;
				CLANG_WARN_UNREACHABLE_CODE = YES;
				CLANG_WARN__DUPLICATE_METHOD_MATCH = YES;
				COPY_PHASE_STRIP = NO;
				DEBUG_INFORMATION_FORMAT = "dwarf-with-dsym";
				ENABLE_NS_ASSERTIONS = NO;
				ENABLE_STRICT_OBJC_MSGSEND = YES;
				GCC_C_LANGUAGE_STANDARD = gnu11;
				GCC_NO_COMMON_BLOCKS = YES;
				GCC_WARN_64_TO_32_BIT_CONVERSION = YES;
				GCC_WARN_ABOUT_RETURN_TYPE = YES_ERROR;
				GCC_WARN_UNDECLARED_SELECTOR = YES;
				GCC_WARN_UNINITIALIZED_AUTOS = YES_AGGRESSIVE;
				GCC_WARN_UNUSED_FUNCTION = YES;
				GCC_WARN_UNUSED_VARIABLE = YES;
				IPHONEOS_DEPLOYMENT_TARGET = 15.0;
				MTL_ENABLE_DEBUG_INFO = NO;
				MTL_FAST_MATH = YES;
				SDKROOT = iphoneos;
				SWIFT_COMPILATION_MODE = wholemodule;
				SWIFT_OPTIMIZATION_LEVEL = "-O";
				VALIDATE_PRODUCT = YES;
			};
			name = Release;
		};
		0769E5A9274AA4C300C68CCE /* Debug */ = {
			isa = XCBuildConfiguration;
			buildSettings = {
				ASSETCATALOG_COMPILER_APPICON_NAME = AppIcon;
				ASSETCATALOG_COMPILER_GLOBAL_ACCENT_COLOR_NAME = AccentColor;
				CODE_SIGN_STYLE = Automatic;
				CURRENT_PROJECT_VERSION = 1;
				DEVELOPMENT_TEAM = 66D3CJTRN4;
				GENERATE_INFOPLIST_FILE = YES;
				INFOPLIST_FILE = VideoHumanDetection/Info.plist;
				INFOPLIST_KEY_NSPhotoLibraryAddUsageDescription = "To export video";
				INFOPLIST_KEY_NSPhotoLibraryUsageDescription = "To export video";
				INFOPLIST_KEY_UIApplicationSupportsIndirectInputEvents = YES;
				INFOPLIST_KEY_UILaunchStoryboardName = LaunchScreen;
				INFOPLIST_KEY_UIMainStoryboardFile = Main;
				INFOPLIST_KEY_UISupportedInterfaceOrientations_iPad = "UIInterfaceOrientationPortrait UIInterfaceOrientationPortraitUpsideDown UIInterfaceOrientationLandscapeLeft UIInterfaceOrientationLandscapeRight";
				INFOPLIST_KEY_UISupportedInterfaceOrientations_iPhone = "UIInterfaceOrientationPortrait UIInterfaceOrientationLandscapeLeft UIInterfaceOrientationLandscapeRight";
				LD_RUNPATH_SEARCH_PATHS = (
					"$(inherited)",
					"@executable_path/Frameworks",
				);
				MARKETING_VERSION = 1.0;
				PRODUCT_BUNDLE_IDENTIFIER = org.yao.VideoHumanDetection;
				PRODUCT_NAME = "$(TARGET_NAME)";
				SWIFT_EMIT_LOC_STRINGS = YES;
				SWIFT_VERSION = 5.0;
				TARGETED_DEVICE_FAMILY = "1,2";
			};
			name = Debug;
		};
		0769E5AA274AA4C300C68CCE /* Release */ = {
			isa = XCBuildConfiguration;
			buildSettings = {
				ASSETCATALOG_COMPILER_APPICON_NAME = AppIcon;
				ASSETCATALOG_COMPILER_GLOBAL_ACCENT_COLOR_NAME = AccentColor;
				CODE_SIGN_STYLE = Automatic;
				CURRENT_PROJECT_VERSION = 1;
				DEVELOPMENT_TEAM = 66D3CJTRN4;
				GENERATE_INFOPLIST_FILE = YES;
				INFOPLIST_FILE = VideoHumanDetection/Info.plist;
				INFOPLIST_KEY_NSPhotoLibraryAddUsageDescription = "To export video";
				INFOPLIST_KEY_NSPhotoLibraryUsageDescription = "To export video";
				INFOPLIST_KEY_UIApplicationSupportsIndirectInputEvents = YES;
				INFOPLIST_KEY_UILaunchStoryboardName = LaunchScreen;
				INFOPLIST_KEY_UIMainStoryboardFile = Main;
				INFOPLIST_KEY_UISupportedInterfaceOrientations_iPad = "UIInterfaceOrientationPortrait UIInterfaceOrientationPortraitUpsideDown UIInterfaceOrientationLandscapeLeft UIInterfaceOrientationLandscapeRight";
				INFOPLIST_KEY_UISupportedInterfaceOrientations_iPhone = "UIInterfaceOrientationPortrait UIInterfaceOrientationLandscapeLeft UIInterfaceOrientationLandscapeRight";
				LD_RUNPATH_SEARCH_PATHS = (
					"$(inherited)",
					"@executable_path/Frameworks",
				);
				MARKETING_VERSION = 1.0;
				PRODUCT_BUNDLE_IDENTIFIER = org.yao.VideoHumanDetection;
				PRODUCT_NAME = "$(TARGET_NAME)";
				SWIFT_EMIT_LOC_STRINGS = YES;
				SWIFT_VERSION = 5.0;
				TARGETED_DEVICE_FAMILY = "1,2";
			};
			name = Release;
		};
/* End XCBuildConfiguration section */

/* Begin XCConfigurationList section */
		0769E58F274AA4C200C68CCE /* Build configuration list for PBXProject "VideoHumanDetection" */ = {
			isa = XCConfigurationList;
			buildConfigurations = (
				0769E5A6274AA4C300C68CCE /* Debug */,
				0769E5A7274AA4C300C68CCE /* Release */,
			);
			defaultConfigurationIsVisible = 0;
			defaultConfigurationName = Release;
		};
		0769E5A8274AA4C300C68CCE /* Build configuration list for PBXNativeTarget "VideoHumanDetection" */ = {
			isa = XCConfigurationList;
			buildConfigurations = (
				0769E5A9274AA4C300C68CCE /* Debug */,
				0769E5AA274AA4C300C68CCE /* Release */,
			);
			defaultConfigurationIsVisible = 0;
			defaultConfigurationName = Release;
		};
/* End XCConfigurationList section */

/* Begin XCRemoteSwiftPackageReference section */
		0742E45D274B75CA0011EC4A /* XCRemoteSwiftPackageReference "ProgressHUD" */ = {
			isa = XCRemoteSwiftPackageReference;
			repositoryURL = "https://github.com/relatedcode/ProgressHUD";
			requirement = {
				kind = upToNextMajorVersion;
				minimumVersion = 13.6.0;
			};
		};
		0769E5AB274AA50900C68CCE /* XCRemoteSwiftPackageReference "RxSwift" */ = {
			isa = XCRemoteSwiftPackageReference;
			repositoryURL = "https://github.com/ReactiveX/RxSwift";
			requirement = {
				kind = upToNextMajorVersion;
				minimumVersion = 6.2.0;
			};
		};
		0769E5B2274AA51400C68CCE /* XCRemoteSwiftPackageReference "SwifterSwift" */ = {
			isa = XCRemoteSwiftPackageReference;
			repositoryURL = "https://github.com/SwifterSwift/SwifterSwift";
			requirement = {
				kind = upToNextMajorVersion;
				minimumVersion = 5.2.0;
			};
		};
		0769E5B5274AA56D00C68CCE /* XCRemoteSwiftPackageReference "SnapKit" */ = {
			isa = XCRemoteSwiftPackageReference;
			repositoryURL = "https://github.com/SnapKit/SnapKit";
			requirement = {
				kind = upToNextMajorVersion;
				minimumVersion = 5.0.1;
			};
		};
		0769E5B8274AA5A600C68CCE /* XCRemoteSwiftPackageReference "Then" */ = {
			isa = XCRemoteSwiftPackageReference;
			repositoryURL = "https://github.com/devxoul/Then";
			requirement = {
				kind = upToNextMajorVersion;
				minimumVersion = 2.7.0;
			};
		};
/* End XCRemoteSwiftPackageReference section */

/* Begin XCSwiftPackageProductDependency section */
		0742E45E274B75CA0011EC4A /* ProgressHUD */ = {
			isa = XCSwiftPackageProductDependency;
			package = 0742E45D274B75CA0011EC4A /* XCRemoteSwiftPackageReference "ProgressHUD" */;
			productName = ProgressHUD;
		};
		0769E5AC274AA50900C68CCE /* RxCocoa */ = {
			isa = XCSwiftPackageProductDependency;
			package = 0769E5AB274AA50900C68CCE /* XCRemoteSwiftPackageReference "RxSwift" */;
			productName = RxCocoa;
		};
		0769E5AE274AA50900C68CCE /* RxRelay */ = {
			isa = XCSwiftPackageProductDependency;
			package = 0769E5AB274AA50900C68CCE /* XCRemoteSwiftPackageReference "RxSwift" */;
			productName = RxRelay;
		};
		0769E5B0274AA50900C68CCE /* RxSwift */ = {
			isa = XCSwiftPackageProductDependency;
			package = 0769E5AB274AA50900C68CCE /* XCRemoteSwiftPackageReference "RxSwift" */;
			productName = RxSwift;
		};
		0769E5B3274AA51400C68CCE /* SwifterSwift */ = {
			isa = XCSwiftPackageProductDependency;
			package = 0769E5B2274AA51400C68CCE /* XCRemoteSwiftPackageReference "SwifterSwift" */;
			productName = SwifterSwift;
		};
		0769E5B6274AA56D00C68CCE /* SnapKit */ = {
			isa = XCSwiftPackageProductDependency;
			package = 0769E5B5274AA56D00C68CCE /* XCRemoteSwiftPackageReference "SnapKit" */;
			productName = SnapKit;
		};
		0769E5B9274AA5A700C68CCE /* Then */ = {
			isa = XCSwiftPackageProductDependency;
			package = 0769E5B8274AA5A600C68CCE /* XCRemoteSwiftPackageReference "Then" */;
			productName = Then;
		};
/* End XCSwiftPackageProductDependency section */
	};
	rootObject = 0769E58C274AA4C200C68CCE /* Project object */;
}
